
Microsoft Visual Studio Solution File, Format Version 12.00
# Visual Studio 15
VisualStudioVersion = 15.0.26124.0
MinimumVisualStudioVersion = 15.0.26124.0
Project("{2150E333-8FDC-42A3-9474-1A3956D46DE8}") = "Examples", "Examples", "{FFFACEFD-870C-4B3D-AFFB-CDB4160BD1FF}"
EndProject
Project("{FAE04EC0-301F-11D3-BF4B-00C04F79EFBC}") = "WebApi", "Examples\WebApi\WebApi.csproj", "{A42AF17A-8594-4C7F-A7D7-3186B5FDF7C4}"
EndProject
Project("{FAE04EC0-301F-11D3-BF4B-00C04F79EFBC}") = "Console", "Examples\Console\Console.csproj", "{87FB39F7-706E-479B-9A3F-BAA2A63651A9}"
EndProject
Project("{FAE04EC0-301F-11D3-BF4B-00C04F79EFBC}") = "Covid19.Client", "Covid19API.Web\Covid19.Client.csproj", "{F8A3E792-448A-45E1-ADE2-4F8B9BB88486}"
EndProject
Project("{2150E333-8FDC-42A3-9474-1A3956D46DE8}") = "Tests", "Tests", "{91571628-483F-48BE-8559-85D71A2127D8}"
EndProject
Project("{FAE04EC0-301F-11D3-BF4B-00C04F79EFBC}") = "Covid19API.UnitTests", "Tests\Covid19API.UnitTests\Covid19API.UnitTests.csproj", "{D8EC20BB-467E-414D-A467-786E6CC03818}"
EndProject
Global
	GlobalSection(SolutionConfigurationPlatforms) = preSolution
		Debug|Any CPU = Debug|Any CPU
		Debug|x64 = Debug|x64
		Debug|x86 = Debug|x86
		Release|Any CPU = Release|Any CPU
		Release|x64 = Release|x64
		Release|x86 = Release|x86
	EndGlobalSection
	GlobalSection(SolutionProperties) = preSolution
		HideSolutionNode = FALSE
	EndGlobalSection
	GlobalSection(ProjectConfigurationPlatforms) = postSolution
		{A42AF17A-8594-4C7F-A7D7-3186B5FDF7C4}.Debug|Any CPU.ActiveCfg = Debug|Any CPU
		{A42AF17A-8594-4C7F-A7D7-3186B5FDF7C4}.Debug|Any CPU.Build.0 = Debug|Any CPU
		{A42AF17A-8594-4C7F-A7D7-3186B5FDF7C4}.Debug|x64.ActiveCfg = Debug|Any CPU
		{A42AF17A-8594-4C7F-A7D7-3186B5FDF7C4}.Debug|x64.Build.0 = Debug|Any CPU
		{A42AF17A-8594-4C7F-A7D7-3186B5FDF7C4}.Debug|x86.ActiveCfg = Debug|Any CPU
		{A42AF17A-8594-4C7F-A7D7-3186B5FDF7C4}.Debug|x86.Build.0 = Debug|Any CPU
		{A42AF17A-8594-4C7F-A7D7-3186B5FDF7C4}.Release|Any CPU.ActiveCfg = Release|Any CPU
		{A42AF17A-8594-4C7F-A7D7-3186B5FDF7C4}.Release|Any CPU.Build.0 = Release|Any CPU
		{A42AF17A-8594-4C7F-A7D7-3186B5FDF7C4}.Release|x64.ActiveCfg = Release|Any CPU
		{A42AF17A-8594-4C7F-A7D7-3186B5FDF7C4}.Release|x64.Build.0 = Release|Any CPU
		{A42AF17A-8594-4C7F-A7D7-3186B5FDF7C4}.Release|x86.ActiveCfg = Release|Any CPU
		{A42AF17A-8594-4C7F-A7D7-3186B5FDF7C4}.Release|x86.Build.0 = Release|Any CPU
		{87FB39F7-706E-479B-9A3F-BAA2A63651A9}.Debug|Any CPU.ActiveCfg = Debug|Any CPU
		{87FB39F7-706E-479B-9A3F-BAA2A63651A9}.Debug|Any CPU.Build.0 = Debug|Any CPU
		{87FB39F7-706E-479B-9A3F-BAA2A63651A9}.Debug|x64.ActiveCfg = Debug|Any CPU
		{87FB39F7-706E-479B-9A3F-BAA2A63651A9}.Debug|x64.Build.0 = Debug|Any CPU
		{87FB39F7-706E-479B-9A3F-BAA2A63651A9}.Debug|x86.ActiveCfg = Debug|Any CPU
		{87FB39F7-706E-479B-9A3F-BAA2A63651A9}.Debug|x86.Build.0 = Debug|Any CPU
		{87FB39F7-706E-479B-9A3F-BAA2A63651A9}.Release|Any CPU.ActiveCfg = Release|Any CPU
		{87FB39F7-706E-479B-9A3F-BAA2A63651A9}.Release|Any CPU.Build.0 = Release|Any CPU
		{87FB39F7-706E-479B-9A3F-BAA2A63651A9}.Release|x64.ActiveCfg = Release|Any CPU
		{87FB39F7-706E-479B-9A3F-BAA2A63651A9}.Release|x64.Build.0 = Release|Any CPU
		{87FB39F7-706E-479B-9A3F-BAA2A63651A9}.Release|x86.ActiveCfg = Release|Any CPU
		{87FB39F7-706E-479B-9A3F-BAA2A63651A9}.Release|x86.Build.0 = Release|Any CPU
		{F8A3E792-448A-45E1-ADE2-4F8B9BB88486}.Debug|Any CPU.ActiveCfg = Debug|Any CPU
		{F8A3E792-448A-45E1-ADE2-4F8B9BB88486}.Debug|Any CPU.Build.0 = Debug|Any CPU
		{F8A3E792-448A-45E1-ADE2-4F8B9BB88486}.Debug|x64.ActiveCfg = Debug|Any CPU
		{F8A3E792-448A-45E1-ADE2-4F8B9BB88486}.Debug|x64.Build.0 = Debug|Any CPU
		{F8A3E792-448A-45E1-ADE2-4F8B9BB88486}.Debug|x86.ActiveCfg = Debug|Any CPU
		{F8A3E792-448A-45E1-ADE2-4F8B9BB88486}.Debug|x86.Build.0 = Debug|Any CPU
		{F8A3E792-448A-45E1-ADE2-4F8B9BB88486}.Release|Any CPU.ActiveCfg = Release|Any CPU
		{F8A3E792-448A-45E1-ADE2-4F8B9BB88486}.Release|Any CPU.Build.0 = Release|Any CPU
		{F8A3E792-448A-45E1-ADE2-4F8B9BB88486}.Release|x64.ActiveCfg = Release|Any CPU
		{F8A3E792-448A-45E1-ADE2-4F8B9BB88486}.Release|x64.Build.0 = Release|Any CPU
		{F8A3E792-448A-45E1-ADE2-4F8B9BB88486}.Release|x86.ActiveCfg = Release|Any CPU
		{F8A3E792-448A-45E1-ADE2-4F8B9BB88486}.Release|x86.Build.0 = Release|Any CPU
		{D8EC20BB-467E-414D-A467-786E6CC03818}.Debug|Any CPU.ActiveCfg = Debug|Any CPU
		{D8EC20BB-467E-414D-A467-786E6CC03818}.Debug|Any CPU.Build.0 = Debug|Any CPU
		{D8EC20BB-467E-414D-A467-786E6CC03818}.Debug|x64.ActiveCfg = Debug|Any CPU
		{D8EC20BB-467E-414D-A467-786E6CC03818}.Debug|x64.Build.0 = Debug|Any CPU
		{D8EC20BB-467E-414D-A467-786E6CC03818}.Debug|x86.ActiveCfg = Debug|Any CPU
		{D8EC20BB-467E-414D-A467-786E6CC03818}.Debug|x86.Build.0 = Debug|Any CPU
		{D8EC20BB-467E-414D-A467-786E6CC03818}.Release|Any CPU.ActiveCfg = Release|Any CPU
		{D8EC20BB-467E-414D-A467-786E6CC03818}.Release|Any CPU.Build.0 = Release|Any CPU
		{D8EC20BB-467E-414D-A467-786E6CC03818}.Release|x64.ActiveCfg = Release|Any CPU
		{D8EC20BB-467E-414D-A467-786E6CC03818}.Release|x64.Build.0 = Release|Any CPU
		{D8EC20BB-467E-414D-A467-786E6CC03818}.Release|x86.ActiveCfg = Release|Any CPU
		{D8EC20BB-467E-414D-A467-786E6CC03818}.Release|x86.Build.0 = Release|Any CPU
	EndGlobalSection
	GlobalSection(NestedProjects) = preSolution
		{A42AF17A-8594-4C7F-A7D7-3186B5FDF7C4} = {FFFACEFD-870C-4B3D-AFFB-CDB4160BD1FF}
		{87FB39F7-706E-479B-9A3F-BAA2A63651A9} = {FFFACEFD-870C-4B3D-AFFB-CDB4160BD1FF}
		{D8EC20BB-467E-414D-A467-786E6CC03818} = {91571628-483F-48BE-8559-85D71A2127D8}
	EndGlobalSection
EndGlobal
