
Microsoft Visual Studio Solution File, Format Version 12.00
# Visual Studio 15
VisualStudioVersion = 15.0.26124.0
MinimumVisualStudioVersion = 15.0.26124.0
Project("{FAE04EC0-301F-11D3-BF4B-00C04F79EFBC}") = "Covid19.Client", "Covid19.Client\Covid19.Client.csproj", "{ADE52E4C-A674-4670-9804-3C43E58ABBBA}"
EndProject
Project("{2150E333-8FDC-42A3-9474-1A3956D46DE8}") = "Examples", "Examples", "{C25FF63B-87E8-4003-ADC5-77E91D698B5C}"
EndProject
Project("{FAE04EC0-301F-11D3-BF4B-00C04F79EFBC}") = "Console", "Examples\Console\Console.csproj", "{1077867C-8714-499D-9055-3D0ED3742C26}"
EndProject
Project("{2150E333-8FDC-42A3-9474-1A3956D46DE8}") = "Tests", "Tests", "{EB96D0C2-D909-4879-B0EB-666C68CFD40A}"
EndProject
Project("{FAE04EC0-301F-11D3-BF4B-00C04F79EFBC}") = "Covid19API.UnitTests", "Tests\Covid19API.UnitTests\Covid19API.UnitTests.csproj", "{293E7312-3B1F-4971-88D2-DB02AC450796}"
EndProject
Global
	GlobalSection(SolutionConfigurationPlatforms) = preSolution
		Debug|Any CPU = Debug|Any CPU
		Debug|x64 = Debug|x64
		Debug|x86 = Debug|x86
		Release|Any CPU = Release|Any CPU
		Release|x64 = Release|x64
		Release|x86 = Release|x86
	EndGlobalSection
	GlobalSection(SolutionProperties) = preSolution
		HideSolutionNode = FALSE
	EndGlobalSection
	GlobalSection(ProjectConfigurationPlatforms) = postSolution
		{ADE52E4C-A674-4670-9804-3C43E58ABBBA}.Debug|Any CPU.ActiveCfg = Debug|Any CPU
		{ADE52E4C-A674-4670-9804-3C43E58ABBBA}.Debug|Any CPU.Build.0 = Debug|Any CPU
		{ADE52E4C-A674-4670-9804-3C43E58ABBBA}.Debug|x64.ActiveCfg = Debug|Any CPU
		{ADE52E4C-A674-4670-9804-3C43E58ABBBA}.Debug|x64.Build.0 = Debug|Any CPU
		{ADE52E4C-A674-4670-9804-3C43E58ABBBA}.Debug|x86.ActiveCfg = Debug|Any CPU
		{ADE52E4C-A674-4670-9804-3C43E58ABBBA}.Debug|x86.Build.0 = Debug|Any CPU
		{ADE52E4C-A674-4670-9804-3C43E58ABBBA}.Release|Any CPU.ActiveCfg = Release|Any CPU
		{ADE52E4C-A674-4670-9804-3C43E58ABBBA}.Release|Any CPU.Build.0 = Release|Any CPU
		{ADE52E4C-A674-4670-9804-3C43E58ABBBA}.Release|x64.ActiveCfg = Release|Any CPU
		{ADE52E4C-A674-4670-9804-3C43E58ABBBA}.Release|x64.Build.0 = Release|Any CPU
		{ADE52E4C-A674-4670-9804-3C43E58ABBBA}.Release|x86.ActiveCfg = Release|Any CPU
		{ADE52E4C-A674-4670-9804-3C43E58ABBBA}.Release|x86.Build.0 = Release|Any CPU
		{1077867C-8714-499D-9055-3D0ED3742C26}.Debug|Any CPU.ActiveCfg = Debug|Any CPU
		{1077867C-8714-499D-9055-3D0ED3742C26}.Debug|Any CPU.Build.0 = Debug|Any CPU
		{1077867C-8714-499D-9055-3D0ED3742C26}.Debug|x64.ActiveCfg = Debug|Any CPU
		{1077867C-8714-499D-9055-3D0ED3742C26}.Debug|x64.Build.0 = Debug|Any CPU
		{1077867C-8714-499D-9055-3D0ED3742C26}.Debug|x86.ActiveCfg = Debug|Any CPU
		{1077867C-8714-499D-9055-3D0ED3742C26}.Debug|x86.Build.0 = Debug|Any CPU
		{1077867C-8714-499D-9055-3D0ED3742C26}.Release|Any CPU.ActiveCfg = Release|Any CPU
		{1077867C-8714-499D-9055-3D0ED3742C26}.Release|Any CPU.Build.0 = Release|Any CPU
		{1077867C-8714-499D-9055-3D0ED3742C26}.Release|x64.ActiveCfg = Release|Any CPU
		{1077867C-8714-499D-9055-3D0ED3742C26}.Release|x64.Build.0 = Release|Any CPU
		{1077867C-8714-499D-9055-3D0ED3742C26}.Release|x86.ActiveCfg = Release|Any CPU
		{1077867C-8714-499D-9055-3D0ED3742C26}.Release|x86.Build.0 = Release|Any CPU
		{293E7312-3B1F-4971-88D2-DB02AC450796}.Debug|Any CPU.ActiveCfg = Debug|Any CPU
		{293E7312-3B1F-4971-88D2-DB02AC450796}.Debug|Any CPU.Build.0 = Debug|Any CPU
		{293E7312-3B1F-4971-88D2-DB02AC450796}.Debug|x64.ActiveCfg = Debug|Any CPU
		{293E7312-3B1F-4971-88D2-DB02AC450796}.Debug|x64.Build.0 = Debug|Any CPU
		{293E7312-3B1F-4971-88D2-DB02AC450796}.Debug|x86.ActiveCfg = Debug|Any CPU
		{293E7312-3B1F-4971-88D2-DB02AC450796}.Debug|x86.Build.0 = Debug|Any CPU
		{293E7312-3B1F-4971-88D2-DB02AC450796}.Release|Any CPU.ActiveCfg = Release|Any CPU
		{293E7312-3B1F-4971-88D2-DB02AC450796}.Release|Any CPU.Build.0 = Release|Any CPU
		{293E7312-3B1F-4971-88D2-DB02AC450796}.Release|x64.ActiveCfg = Release|Any CPU
		{293E7312-3B1F-4971-88D2-DB02AC450796}.Release|x64.Build.0 = Release|Any CPU
		{293E7312-3B1F-4971-88D2-DB02AC450796}.Release|x86.ActiveCfg = Release|Any CPU
		{293E7312-3B1F-4971-88D2-DB02AC450796}.Release|x86.Build.0 = Release|Any CPU
	EndGlobalSection
	GlobalSection(NestedProjects) = preSolution
		{1077867C-8714-499D-9055-3D0ED3742C26} = {C25FF63B-87E8-4003-ADC5-77E91D698B5C}
		{293E7312-3B1F-4971-88D2-DB02AC450796} = {EB96D0C2-D909-4879-B0EB-666C68CFD40A}
	EndGlobalSection
EndGlobal
